
Microsoft Visual Studio Solution File, Format Version 10.00
# Visual Studio 2008
Project("{8BC9CEB8-8B4A-11D0-8D11-00A0C91BC942}") = "ceTSC", "ceTSC.vcproj", "{401D970C-4AA1-48A2-9026-4CDB98648A86}"
EndProject
Project("{8BC9CEB8-8B4A-11D0-8D11-00A0C91BC942}") = "tscui", "tscui\tscui.vcproj", "{63E4322F-83D5-4C9D-BD70-2F3D9BF6C668}"
EndProject
Project("{8BC9CEB8-8B4A-11D0-8D11-00A0C91BC942}") = "tsconwiz", "tsconwiz\tsconwiz.vcproj", "{179EE2F2-1B13-4C2D-AE75-897DB24E65D6}"
EndProject
Global
	GlobalSection(SolutionConfigurationPlatforms) = preSolution
		Debug|Honeywell D6X00 (ARMV4I) = Debug|Honeywell D6X00 (ARMV4I)
		Debug|Motorola MC3100c60 Windows CE6.0 PSDK (ARMV4I) = Debug|Motorola MC3100c60 Windows CE6.0 PSDK (ARMV4I)
		Debug|STANDARDSDK_500 (ARMV4I) = Debug|STANDARDSDK_500 (ARMV4I)
		Debug|STANDARDSDK_500 (MIPSII) = Debug|STANDARDSDK_500 (MIPSII)
		Debug|STANDARDSDK_500 (MIPSII_FP) = Debug|STANDARDSDK_500 (MIPSII_FP)
		Debug|STANDARDSDK_500 (MIPSIV) = Debug|STANDARDSDK_500 (MIPSIV)
		Debug|STANDARDSDK_500 (MIPSIV_FP) = Debug|STANDARDSDK_500 (MIPSIV_FP)
		Debug|STANDARDSDK_500 (SH4) = Debug|STANDARDSDK_500 (SH4)
		Debug|STANDARDSDK_500 (x86) = Debug|STANDARDSDK_500 (x86)
		Debug|Windows Mobile 5.0 Pocket PC SDK (ARMV4I) = Debug|Windows Mobile 5.0 Pocket PC SDK (ARMV4I)
		Debug|Windows Mobile 5.0 Smartphone SDK (ARMV4I) = Debug|Windows Mobile 5.0 Smartphone SDK (ARMV4I)
		Debug|Windows Mobile 6 Professional SDK (ARMV4I) = Debug|Windows Mobile 6 Professional SDK (ARMV4I)
		Debug|Windows Mobile 6.5.3 Professional DTK (ARMV4I) = Debug|Windows Mobile 6.5.3 Professional DTK (ARMV4I)
		myrelease|Honeywell D6X00 (ARMV4I) = myrelease|Honeywell D6X00 (ARMV4I)
		myrelease|Motorola MC3100c60 Windows CE6.0 PSDK (ARMV4I) = myrelease|Motorola MC3100c60 Windows CE6.0 PSDK (ARMV4I)
		myrelease|STANDARDSDK_500 (ARMV4I) = myrelease|STANDARDSDK_500 (ARMV4I)
		myrelease|STANDARDSDK_500 (MIPSII) = myrelease|STANDARDSDK_500 (MIPSII)
		myrelease|STANDARDSDK_500 (MIPSII_FP) = myrelease|STANDARDSDK_500 (MIPSII_FP)
		myrelease|STANDARDSDK_500 (MIPSIV) = myrelease|STANDARDSDK_500 (MIPSIV)
		myrelease|STANDARDSDK_500 (MIPSIV_FP) = myrelease|STANDARDSDK_500 (MIPSIV_FP)
		myrelease|STANDARDSDK_500 (SH4) = myrelease|STANDARDSDK_500 (SH4)
		myrelease|STANDARDSDK_500 (x86) = myrelease|STANDARDSDK_500 (x86)
		myrelease|Windows Mobile 5.0 Pocket PC SDK (ARMV4I) = myrelease|Windows Mobile 5.0 Pocket PC SDK (ARMV4I)
		myrelease|Windows Mobile 5.0 Smartphone SDK (ARMV4I) = myrelease|Windows Mobile 5.0 Smartphone SDK (ARMV4I)
		myrelease|Windows Mobile 6 Professional SDK (ARMV4I) = myrelease|Windows Mobile 6 Professional SDK (ARMV4I)
		myrelease|Windows Mobile 6.5.3 Professional DTK (ARMV4I) = myrelease|Windows Mobile 6.5.3 Professional DTK (ARMV4I)
		Release|Honeywell D6X00 (ARMV4I) = Release|Honeywell D6X00 (ARMV4I)
		Release|Motorola MC3100c60 Windows CE6.0 PSDK (ARMV4I) = Release|Motorola MC3100c60 Windows CE6.0 PSDK (ARMV4I)
		Release|STANDARDSDK_500 (ARMV4I) = Release|STANDARDSDK_500 (ARMV4I)
		Release|STANDARDSDK_500 (MIPSII) = Release|STANDARDSDK_500 (MIPSII)
		Release|STANDARDSDK_500 (MIPSII_FP) = Release|STANDARDSDK_500 (MIPSII_FP)
		Release|STANDARDSDK_500 (MIPSIV) = Release|STANDARDSDK_500 (MIPSIV)
		Release|STANDARDSDK_500 (MIPSIV_FP) = Release|STANDARDSDK_500 (MIPSIV_FP)
		Release|STANDARDSDK_500 (SH4) = Release|STANDARDSDK_500 (SH4)
		Release|STANDARDSDK_500 (x86) = Release|STANDARDSDK_500 (x86)
		Release|Windows Mobile 5.0 Pocket PC SDK (ARMV4I) = Release|Windows Mobile 5.0 Pocket PC SDK (ARMV4I)
		Release|Windows Mobile 5.0 Smartphone SDK (ARMV4I) = Release|Windows Mobile 5.0 Smartphone SDK (ARMV4I)
		Release|Windows Mobile 6 Professional SDK (ARMV4I) = Release|Windows Mobile 6 Professional SDK (ARMV4I)
		Release|Windows Mobile 6.5.3 Professional DTK (ARMV4I) = Release|Windows Mobile 6.5.3 Professional DTK (ARMV4I)
	EndGlobalSection
	GlobalSection(ProjectConfigurationPlatforms) = postSolution
		{401D970C-4AA1-48A2-9026-4CDB98648A86}.Debug|Honeywell D6X00 (ARMV4I).ActiveCfg = Debug|Honeywell D6X00 (ARMV4I)
		{401D970C-4AA1-48A2-9026-4CDB98648A86}.Debug|Honeywell D6X00 (ARMV4I).Build.0 = Debug|Honeywell D6X00 (ARMV4I)
		{401D970C-4AA1-48A2-9026-4CDB98648A86}.Debug|Honeywell D6X00 (ARMV4I).Deploy.0 = Debug|Honeywell D6X00 (ARMV4I)
		{401D970C-4AA1-48A2-9026-4CDB98648A86}.Debug|Motorola MC3100c60 Windows CE6.0 PSDK (ARMV4I).ActiveCfg = Debug|Motorola MC3100c60 Windows CE6.0 PSDK (ARMV4I)
		{401D970C-4AA1-48A2-9026-4CDB98648A86}.Debug|Motorola MC3100c60 Windows CE6.0 PSDK (ARMV4I).Build.0 = Debug|Motorola MC3100c60 Windows CE6.0 PSDK (ARMV4I)
		{401D970C-4AA1-48A2-9026-4CDB98648A86}.Debug|Motorola MC3100c60 Windows CE6.0 PSDK (ARMV4I).Deploy.0 = Debug|Motorola MC3100c60 Windows CE6.0 PSDK (ARMV4I)
		{401D970C-4AA1-48A2-9026-4CDB98648A86}.Debug|STANDARDSDK_500 (ARMV4I).ActiveCfg = Debug|STANDARDSDK_500 (ARMV4I)
		{401D970C-4AA1-48A2-9026-4CDB98648A86}.Debug|STANDARDSDK_500 (ARMV4I).Build.0 = Debug|STANDARDSDK_500 (ARMV4I)
		{401D970C-4AA1-48A2-9026-4CDB98648A86}.Debug|STANDARDSDK_500 (ARMV4I).Deploy.0 = Debug|STANDARDSDK_500 (ARMV4I)
		{401D970C-4AA1-48A2-9026-4CDB98648A86}.Debug|STANDARDSDK_500 (MIPSII).ActiveCfg = Debug|STANDARDSDK_500 (ARMV4I)
		{401D970C-4AA1-48A2-9026-4CDB98648A86}.Debug|STANDARDSDK_500 (MIPSII_FP).ActiveCfg = Debug|STANDARDSDK_500 (ARMV4I)
		{401D970C-4AA1-48A2-9026-4CDB98648A86}.Debug|STANDARDSDK_500 (MIPSIV).ActiveCfg = Debug|STANDARDSDK_500 (ARMV4I)
		{401D970C-4AA1-48A2-9026-4CDB98648A86}.Debug|STANDARDSDK_500 (MIPSIV_FP).ActiveCfg = Debug|STANDARDSDK_500 (ARMV4I)
		{401D970C-4AA1-48A2-9026-4CDB98648A86}.Debug|STANDARDSDK_500 (SH4).ActiveCfg = Debug|STANDARDSDK_500 (ARMV4I)
		{401D970C-4AA1-48A2-9026-4CDB98648A86}.Debug|STANDARDSDK_500 (x86).ActiveCfg = Debug|STANDARDSDK_500 (ARMV4I)
		{401D970C-4AA1-48A2-9026-4CDB98648A86}.Debug|Windows Mobile 5.0 Pocket PC SDK (ARMV4I).ActiveCfg = Debug|Windows Mobile 5.0 Pocket PC SDK (ARMV4I)
		{401D970C-4AA1-48A2-9026-4CDB98648A86}.Debug|Windows Mobile 5.0 Pocket PC SDK (ARMV4I).Build.0 = Debug|Windows Mobile 5.0 Pocket PC SDK (ARMV4I)
		{401D970C-4AA1-48A2-9026-4CDB98648A86}.Debug|Windows Mobile 5.0 Pocket PC SDK (ARMV4I).Deploy.0 = Debug|Windows Mobile 5.0 Pocket PC SDK (ARMV4I)
		{401D970C-4AA1-48A2-9026-4CDB98648A86}.Debug|Windows Mobile 5.0 Smartphone SDK (ARMV4I).ActiveCfg = Debug|Windows Mobile 5.0 Smartphone SDK (ARMV4I)
		{401D970C-4AA1-48A2-9026-4CDB98648A86}.Debug|Windows Mobile 5.0 Smartphone SDK (ARMV4I).Build.0 = Debug|Windows Mobile 5.0 Smartphone SDK (ARMV4I)
		{401D970C-4AA1-48A2-9026-4CDB98648A86}.Debug|Windows Mobile 5.0 Smartphone SDK (ARMV4I).Deploy.0 = Debug|Windows Mobile 5.0 Smartphone SDK (ARMV4I)
		{401D970C-4AA1-48A2-9026-4CDB98648A86}.Debug|Windows Mobile 6 Professional SDK (ARMV4I).ActiveCfg = Debug|Windows Mobile 6 Professional SDK (ARMV4I)
		{401D970C-4AA1-48A2-9026-4CDB98648A86}.Debug|Windows Mobile 6 Professional SDK (ARMV4I).Build.0 = Debug|Windows Mobile 6 Professional SDK (ARMV4I)
		{401D970C-4AA1-48A2-9026-4CDB98648A86}.Debug|Windows Mobile 6 Professional SDK (ARMV4I).Deploy.0 = Debug|Windows Mobile 6 Professional SDK (ARMV4I)
		{401D970C-4AA1-48A2-9026-4CDB98648A86}.Debug|Windows Mobile 6.5.3 Professional DTK (ARMV4I).ActiveCfg = Debug|Windows Mobile 6.5.3 Professional DTK (ARMV4I)
		{401D970C-4AA1-48A2-9026-4CDB98648A86}.Debug|Windows Mobile 6.5.3 Professional DTK (ARMV4I).Build.0 = Debug|Windows Mobile 6.5.3 Professional DTK (ARMV4I)
		{401D970C-4AA1-48A2-9026-4CDB98648A86}.Debug|Windows Mobile 6.5.3 Professional DTK (ARMV4I).Deploy.0 = Debug|Windows Mobile 6.5.3 Professional DTK (ARMV4I)
		{401D970C-4AA1-48A2-9026-4CDB98648A86}.myrelease|Honeywell D6X00 (ARMV4I).ActiveCfg = myrelease|Honeywell D6X00 (ARMV4I)
		{401D970C-4AA1-48A2-9026-4CDB98648A86}.myrelease|Honeywell D6X00 (ARMV4I).Build.0 = myrelease|Honeywell D6X00 (ARMV4I)
		{401D970C-4AA1-48A2-9026-4CDB98648A86}.myrelease|Honeywell D6X00 (ARMV4I).Deploy.0 = myrelease|Honeywell D6X00 (ARMV4I)
		{401D970C-4AA1-48A2-9026-4CDB98648A86}.myrelease|Motorola MC3100c60 Windows CE6.0 PSDK (ARMV4I).ActiveCfg = myrelease|Motorola MC3100c60 Windows CE6.0 PSDK (ARMV4I)
		{401D970C-4AA1-48A2-9026-4CDB98648A86}.myrelease|Motorola MC3100c60 Windows CE6.0 PSDK (ARMV4I).Build.0 = myrelease|Motorola MC3100c60 Windows CE6.0 PSDK (ARMV4I)
		{401D970C-4AA1-48A2-9026-4CDB98648A86}.myrelease|Motorola MC3100c60 Windows CE6.0 PSDK (ARMV4I).Deploy.0 = myrelease|Motorola MC3100c60 Windows CE6.0 PSDK (ARMV4I)
		{401D970C-4AA1-48A2-9026-4CDB98648A86}.myrelease|STANDARDSDK_500 (ARMV4I).ActiveCfg = myrelease|STANDARDSDK_500 (ARMV4I)
		{401D970C-4AA1-48A2-9026-4CDB98648A86}.myrelease|STANDARDSDK_500 (ARMV4I).Build.0 = myrelease|STANDARDSDK_500 (ARMV4I)
		{401D970C-4AA1-48A2-9026-4CDB98648A86}.myrelease|STANDARDSDK_500 (ARMV4I).Deploy.0 = myrelease|STANDARDSDK_500 (ARMV4I)
		{401D970C-4AA1-48A2-9026-4CDB98648A86}.myrelease|STANDARDSDK_500 (MIPSII).ActiveCfg = myrelease|STANDARDSDK_500 (ARMV4I)
		{401D970C-4AA1-48A2-9026-4CDB98648A86}.myrelease|STANDARDSDK_500 (MIPSII_FP).ActiveCfg = myrelease|STANDARDSDK_500 (ARMV4I)
		{401D970C-4AA1-48A2-9026-4CDB98648A86}.myrelease|STANDARDSDK_500 (MIPSIV).ActiveCfg = myrelease|STANDARDSDK_500 (ARMV4I)
		{401D970C-4AA1-48A2-9026-4CDB98648A86}.myrelease|STANDARDSDK_500 (MIPSIV_FP).ActiveCfg = myrelease|STANDARDSDK_500 (ARMV4I)
		{401D970C-4AA1-48A2-9026-4CDB98648A86}.myrelease|STANDARDSDK_500 (SH4).ActiveCfg = myrelease|STANDARDSDK_500 (ARMV4I)
		{401D970C-4AA1-48A2-9026-4CDB98648A86}.myrelease|STANDARDSDK_500 (x86).ActiveCfg = myrelease|STANDARDSDK_500 (ARMV4I)
		{401D970C-4AA1-48A2-9026-4CDB98648A86}.myrelease|Windows Mobile 5.0 Pocket PC SDK (ARMV4I).ActiveCfg = myrelease|Windows Mobile 5.0 Pocket PC SDK (ARMV4I)
		{401D970C-4AA1-48A2-9026-4CDB98648A86}.myrelease|Windows Mobile 5.0 Pocket PC SDK (ARMV4I).Build.0 = myrelease|Windows Mobile 5.0 Pocket PC SDK (ARMV4I)
		{401D970C-4AA1-48A2-9026-4CDB98648A86}.myrelease|Windows Mobile 5.0 Pocket PC SDK (ARMV4I).Deploy.0 = myrelease|Windows Mobile 5.0 Pocket PC SDK (ARMV4I)
		{401D970C-4AA1-48A2-9026-4CDB98648A86}.myrelease|Windows Mobile 5.0 Smartphone SDK (ARMV4I).ActiveCfg = myrelease|Windows Mobile 5.0 Smartphone SDK (ARMV4I)
		{401D970C-4AA1-48A2-9026-4CDB98648A86}.myrelease|Windows Mobile 5.0 Smartphone SDK (ARMV4I).Build.0 = myrelease|Windows Mobile 5.0 Smartphone SDK (ARMV4I)
		{401D970C-4AA1-48A2-9026-4CDB98648A86}.myrelease|Windows Mobile 5.0 Smartphone SDK (ARMV4I).Deploy.0 = myrelease|Windows Mobile 5.0 Smartphone SDK (ARMV4I)
		{401D970C-4AA1-48A2-9026-4CDB98648A86}.myrelease|Windows Mobile 6 Professional SDK (ARMV4I).ActiveCfg = myrelease|Windows Mobile 6 Professional SDK (ARMV4I)
		{401D970C-4AA1-48A2-9026-4CDB98648A86}.myrelease|Windows Mobile 6 Professional SDK (ARMV4I).Build.0 = myrelease|Windows Mobile 6 Professional SDK (ARMV4I)
		{401D970C-4AA1-48A2-9026-4CDB98648A86}.myrelease|Windows Mobile 6 Professional SDK (ARMV4I).Deploy.0 = myrelease|Windows Mobile 6 Professional SDK (ARMV4I)
		{401D970C-4AA1-48A2-9026-4CDB98648A86}.myrelease|Windows Mobile 6.5.3 Professional DTK (ARMV4I).ActiveCfg = myrelease|Windows Mobile 6.5.3 Professional DTK (ARMV4I)
		{401D970C-4AA1-48A2-9026-4CDB98648A86}.myrelease|Windows Mobile 6.5.3 Professional DTK (ARMV4I).Build.0 = myrelease|Windows Mobile 6.5.3 Professional DTK (ARMV4I)
		{401D970C-4AA1-48A2-9026-4CDB98648A86}.myrelease|Windows Mobile 6.5.3 Professional DTK (ARMV4I).Deploy.0 = myrelease|Windows Mobile 6.5.3 Professional DTK (ARMV4I)
		{401D970C-4AA1-48A2-9026-4CDB98648A86}.Release|Honeywell D6X00 (ARMV4I).ActiveCfg = Release|Honeywell D6X00 (ARMV4I)
		{401D970C-4AA1-48A2-9026-4CDB98648A86}.Release|Honeywell D6X00 (ARMV4I).Build.0 = Release|Honeywell D6X00 (ARMV4I)
		{401D970C-4AA1-48A2-9026-4CDB98648A86}.Release|Honeywell D6X00 (ARMV4I).Deploy.0 = Release|Honeywell D6X00 (ARMV4I)
		{401D970C-4AA1-48A2-9026-4CDB98648A86}.Release|Motorola MC3100c60 Windows CE6.0 PSDK (ARMV4I).ActiveCfg = Release|Motorola MC3100c60 Windows CE6.0 PSDK (ARMV4I)
		{401D970C-4AA1-48A2-9026-4CDB98648A86}.Release|Motorola MC3100c60 Windows CE6.0 PSDK (ARMV4I).Build.0 = Release|Motorola MC3100c60 Windows CE6.0 PSDK (ARMV4I)
		{401D970C-4AA1-48A2-9026-4CDB98648A86}.Release|Motorola MC3100c60 Windows CE6.0 PSDK (ARMV4I).Deploy.0 = Release|Motorola MC3100c60 Windows CE6.0 PSDK (ARMV4I)
		{401D970C-4AA1-48A2-9026-4CDB98648A86}.Release|STANDARDSDK_500 (ARMV4I).ActiveCfg = Release|STANDARDSDK_500 (ARMV4I)
		{401D970C-4AA1-48A2-9026-4CDB98648A86}.Release|STANDARDSDK_500 (ARMV4I).Build.0 = Release|STANDARDSDK_500 (ARMV4I)
		{401D970C-4AA1-48A2-9026-4CDB98648A86}.Release|STANDARDSDK_500 (ARMV4I).Deploy.0 = Release|STANDARDSDK_500 (ARMV4I)
		{401D970C-4AA1-48A2-9026-4CDB98648A86}.Release|STANDARDSDK_500 (MIPSII).ActiveCfg = Release|STANDARDSDK_500 (ARMV4I)
		{401D970C-4AA1-48A2-9026-4CDB98648A86}.Release|STANDARDSDK_500 (MIPSII_FP).ActiveCfg = Release|STANDARDSDK_500 (ARMV4I)
		{401D970C-4AA1-48A2-9026-4CDB98648A86}.Release|STANDARDSDK_500 (MIPSIV).ActiveCfg = Release|STANDARDSDK_500 (ARMV4I)
		{401D970C-4AA1-48A2-9026-4CDB98648A86}.Release|STANDARDSDK_500 (MIPSIV_FP).ActiveCfg = Release|STANDARDSDK_500 (ARMV4I)
		{401D970C-4AA1-48A2-9026-4CDB98648A86}.Release|STANDARDSDK_500 (SH4).ActiveCfg = Release|STANDARDSDK_500 (ARMV4I)
		{401D970C-4AA1-48A2-9026-4CDB98648A86}.Release|STANDARDSDK_500 (x86).ActiveCfg = Release|STANDARDSDK_500 (ARMV4I)
		{401D970C-4AA1-48A2-9026-4CDB98648A86}.Release|Windows Mobile 5.0 Pocket PC SDK (ARMV4I).ActiveCfg = Release|Windows Mobile 5.0 Pocket PC SDK (ARMV4I)
		{401D970C-4AA1-48A2-9026-4CDB98648A86}.Release|Windows Mobile 5.0 Pocket PC SDK (ARMV4I).Build.0 = Release|Windows Mobile 5.0 Pocket PC SDK (ARMV4I)
		{401D970C-4AA1-48A2-9026-4CDB98648A86}.Release|Windows Mobile 5.0 Pocket PC SDK (ARMV4I).Deploy.0 = Release|Windows Mobile 5.0 Pocket PC SDK (ARMV4I)
		{401D970C-4AA1-48A2-9026-4CDB98648A86}.Release|Windows Mobile 5.0 Smartphone SDK (ARMV4I).ActiveCfg = Release|Windows Mobile 5.0 Smartphone SDK (ARMV4I)
		{401D970C-4AA1-48A2-9026-4CDB98648A86}.Release|Windows Mobile 5.0 Smartphone SDK (ARMV4I).Build.0 = Release|Windows Mobile 5.0 Smartphone SDK (ARMV4I)
		{401D970C-4AA1-48A2-9026-4CDB98648A86}.Release|Windows Mobile 5.0 Smartphone SDK (ARMV4I).Deploy.0 = Release|Windows Mobile 5.0 Smartphone SDK (ARMV4I)
		{401D970C-4AA1-48A2-9026-4CDB98648A86}.Release|Windows Mobile 6 Professional SDK (ARMV4I).ActiveCfg = Release|Windows Mobile 6 Professional SDK (ARMV4I)
		{401D970C-4AA1-48A2-9026-4CDB98648A86}.Release|Windows Mobile 6 Professional SDK (ARMV4I).Build.0 = Release|Windows Mobile 6 Professional SDK (ARMV4I)
		{401D970C-4AA1-48A2-9026-4CDB98648A86}.Release|Windows Mobile 6 Professional SDK (ARMV4I).Deploy.0 = Release|Windows Mobile 6 Professional SDK (ARMV4I)
		{401D970C-4AA1-48A2-9026-4CDB98648A86}.Release|Windows Mobile 6.5.3 Professional DTK (ARMV4I).ActiveCfg = Release|Windows Mobile 6.5.3 Professional DTK (ARMV4I)
		{401D970C-4AA1-48A2-9026-4CDB98648A86}.Release|Windows Mobile 6.5.3 Professional DTK (ARMV4I).Build.0 = Release|Windows Mobile 6.5.3 Professional DTK (ARMV4I)
		{401D970C-4AA1-48A2-9026-4CDB98648A86}.Release|Windows Mobile 6.5.3 Professional DTK (ARMV4I).Deploy.0 = Release|Windows Mobile 6.5.3 Professional DTK (ARMV4I)
		{63E4322F-83D5-4C9D-BD70-2F3D9BF6C668}.Debug|Honeywell D6X00 (ARMV4I).ActiveCfg = Debug|STANDARDSDK_500 (MIPSIV_FP)
		{63E4322F-83D5-4C9D-BD70-2F3D9BF6C668}.Debug|Motorola MC3100c60 Windows CE6.0 PSDK (ARMV4I).ActiveCfg = Debug|STANDARDSDK_500 (MIPSIV_FP)
		{63E4322F-83D5-4C9D-BD70-2F3D9BF6C668}.Debug|STANDARDSDK_500 (ARMV4I).ActiveCfg = Debug|STANDARDSDK_500 (ARMV4I)
		{63E4322F-83D5-4C9D-BD70-2F3D9BF6C668}.Debug|STANDARDSDK_500 (MIPSII).ActiveCfg = Debug|STANDARDSDK_500 (MIPSII)
		{63E4322F-83D5-4C9D-BD70-2F3D9BF6C668}.Debug|STANDARDSDK_500 (MIPSII).Build.0 = Debug|STANDARDSDK_500 (MIPSII)
		{63E4322F-83D5-4C9D-BD70-2F3D9BF6C668}.Debug|STANDARDSDK_500 (MIPSII).Deploy.0 = Debug|STANDARDSDK_500 (MIPSII)
		{63E4322F-83D5-4C9D-BD70-2F3D9BF6C668}.Debug|STANDARDSDK_500 (MIPSII_FP).ActiveCfg = Debug|STANDARDSDK_500 (MIPSII_FP)
		{63E4322F-83D5-4C9D-BD70-2F3D9BF6C668}.Debug|STANDARDSDK_500 (MIPSII_FP).Build.0 = Debug|STANDARDSDK_500 (MIPSII_FP)
		{63E4322F-83D5-4C9D-BD70-2F3D9BF6C668}.Debug|STANDARDSDK_500 (MIPSII_FP).Deploy.0 = Debug|STANDARDSDK_500 (MIPSII_FP)
		{63E4322F-83D5-4C9D-BD70-2F3D9BF6C668}.Debug|STANDARDSDK_500 (MIPSIV).ActiveCfg = Debug|STANDARDSDK_500 (MIPSIV)
		{63E4322F-83D5-4C9D-BD70-2F3D9BF6C668}.Debug|STANDARDSDK_500 (MIPSIV).Build.0 = Debug|STANDARDSDK_500 (MIPSIV)
		{63E4322F-83D5-4C9D-BD70-2F3D9BF6C668}.Debug|STANDARDSDK_500 (MIPSIV).Deploy.0 = Debug|STANDARDSDK_500 (MIPSIV)
		{63E4322F-83D5-4C9D-BD70-2F3D9BF6C668}.Debug|STANDARDSDK_500 (MIPSIV_FP).ActiveCfg = Debug|STANDARDSDK_500 (MIPSIV_FP)
		{63E4322F-83D5-4C9D-BD70-2F3D9BF6C668}.Debug|STANDARDSDK_500 (MIPSIV_FP).Build.0 = Debug|STANDARDSDK_500 (MIPSIV_FP)
		{63E4322F-83D5-4C9D-BD70-2F3D9BF6C668}.Debug|STANDARDSDK_500 (MIPSIV_FP).Deploy.0 = Debug|STANDARDSDK_500 (MIPSIV_FP)
		{63E4322F-83D5-4C9D-BD70-2F3D9BF6C668}.Debug|STANDARDSDK_500 (SH4).ActiveCfg = Debug|STANDARDSDK_500 (SH4)
		{63E4322F-83D5-4C9D-BD70-2F3D9BF6C668}.Debug|STANDARDSDK_500 (SH4).Build.0 = Debug|STANDARDSDK_500 (SH4)
		{63E4322F-83D5-4C9D-BD70-2F3D9BF6C668}.Debug|STANDARDSDK_500 (SH4).Deploy.0 = Debug|STANDARDSDK_500 (SH4)
		{63E4322F-83D5-4C9D-BD70-2F3D9BF6C668}.Debug|STANDARDSDK_500 (x86).ActiveCfg = Debug|STANDARDSDK_500 (x86)
		{63E4322F-83D5-4C9D-BD70-2F3D9BF6C668}.Debug|STANDARDSDK_500 (x86).Build.0 = Debug|STANDARDSDK_500 (x86)
		{63E4322F-83D5-4C9D-BD70-2F3D9BF6C668}.Debug|STANDARDSDK_500 (x86).Deploy.0 = Debug|STANDARDSDK_500 (x86)
		{63E4322F-83D5-4C9D-BD70-2F3D9BF6C668}.Debug|Windows Mobile 5.0 Pocket PC SDK (ARMV4I).ActiveCfg = Debug|STANDARDSDK_500 (MIPSIV_FP)
		{63E4322F-83D5-4C9D-BD70-2F3D9BF6C668}.Debug|Windows Mobile 5.0 Smartphone SDK (ARMV4I).ActiveCfg = Debug|STANDARDSDK_500 (MIPSIV_FP)
		{63E4322F-83D5-4C9D-BD70-2F3D9BF6C668}.Debug|Windows Mobile 6 Professional SDK (ARMV4I).ActiveCfg = Debug|STANDARDSDK_500 (MIPSIV_FP)
		{63E4322F-83D5-4C9D-BD70-2F3D9BF6C668}.Debug|Windows Mobile 6.5.3 Professional DTK (ARMV4I).ActiveCfg = Debug|STANDARDSDK_500 (MIPSIV_FP)
		{63E4322F-83D5-4C9D-BD70-2F3D9BF6C668}.myrelease|Honeywell D6X00 (ARMV4I).ActiveCfg = Release|STANDARDSDK_500 (MIPSIV_FP)
		{63E4322F-83D5-4C9D-BD70-2F3D9BF6C668}.myrelease|Motorola MC3100c60 Windows CE6.0 PSDK (ARMV4I).ActiveCfg = Release|STANDARDSDK_500 (MIPSIV_FP)
		{63E4322F-83D5-4C9D-BD70-2F3D9BF6C668}.myrelease|STANDARDSDK_500 (ARMV4I).ActiveCfg = Release|STANDARDSDK_500 (MIPSIV_FP)
		{63E4322F-83D5-4C9D-BD70-2F3D9BF6C668}.myrelease|STANDARDSDK_500 (MIPSII).ActiveCfg = Release|STANDARDSDK_500 (MIPSIV_FP)
		{63E4322F-83D5-4C9D-BD70-2F3D9BF6C668}.myrelease|STANDARDSDK_500 (MIPSII_FP).ActiveCfg = Release|STANDARDSDK_500 (MIPSIV_FP)
		{63E4322F-83D5-4C9D-BD70-2F3D9BF6C668}.myrelease|STANDARDSDK_500 (MIPSIV).ActiveCfg = Release|STANDARDSDK_500 (MIPSIV_FP)
		{63E4322F-83D5-4C9D-BD70-2F3D9BF6C668}.myrelease|STANDARDSDK_500 (MIPSIV_FP).ActiveCfg = Release|STANDARDSDK_500 (MIPSIV_FP)
		{63E4322F-83D5-4C9D-BD70-2F3D9BF6C668}.myrelease|STANDARDSDK_500 (MIPSIV_FP).Build.0 = Release|STANDARDSDK_500 (MIPSIV_FP)
		{63E4322F-83D5-4C9D-BD70-2F3D9BF6C668}.myrelease|STANDARDSDK_500 (MIPSIV_FP).Deploy.0 = Release|STANDARDSDK_500 (MIPSIV_FP)
		{63E4322F-83D5-4C9D-BD70-2F3D9BF6C668}.myrelease|STANDARDSDK_500 (SH4).ActiveCfg = Release|STANDARDSDK_500 (MIPSIV_FP)
		{63E4322F-83D5-4C9D-BD70-2F3D9BF6C668}.myrelease|STANDARDSDK_500 (x86).ActiveCfg = Release|STANDARDSDK_500 (MIPSIV_FP)
		{63E4322F-83D5-4C9D-BD70-2F3D9BF6C668}.myrelease|Windows Mobile 5.0 Pocket PC SDK (ARMV4I).ActiveCfg = Release|STANDARDSDK_500 (MIPSIV_FP)
		{63E4322F-83D5-4C9D-BD70-2F3D9BF6C668}.myrelease|Windows Mobile 5.0 Smartphone SDK (ARMV4I).ActiveCfg = Release|STANDARDSDK_500 (MIPSIV_FP)
		{63E4322F-83D5-4C9D-BD70-2F3D9BF6C668}.myrelease|Windows Mobile 6 Professional SDK (ARMV4I).ActiveCfg = Release|STANDARDSDK_500 (MIPSIV_FP)
		{63E4322F-83D5-4C9D-BD70-2F3D9BF6C668}.myrelease|Windows Mobile 6.5.3 Professional DTK (ARMV4I).ActiveCfg = Release|STANDARDSDK_500 (MIPSIV_FP)
		{63E4322F-83D5-4C9D-BD70-2F3D9BF6C668}.Release|Honeywell D6X00 (ARMV4I).ActiveCfg = Release|STANDARDSDK_500 (MIPSIV_FP)
		{63E4322F-83D5-4C9D-BD70-2F3D9BF6C668}.Release|Motorola MC3100c60 Windows CE6.0 PSDK (ARMV4I).ActiveCfg = Release|STANDARDSDK_500 (MIPSIV_FP)
		{63E4322F-83D5-4C9D-BD70-2F3D9BF6C668}.Release|STANDARDSDK_500 (ARMV4I).ActiveCfg = Release|STANDARDSDK_500 (ARMV4I)
		{63E4322F-83D5-4C9D-BD70-2F3D9BF6C668}.Release|STANDARDSDK_500 (ARMV4I).Build.0 = Release|STANDARDSDK_500 (ARMV4I)
		{63E4322F-83D5-4C9D-BD70-2F3D9BF6C668}.Release|STANDARDSDK_500 (ARMV4I).Deploy.0 = Release|STANDARDSDK_500 (ARMV4I)
		{63E4322F-83D5-4C9D-BD70-2F3D9BF6C668}.Release|STANDARDSDK_500 (MIPSII).ActiveCfg = Release|STANDARDSDK_500 (MIPSII)
		{63E4322F-83D5-4C9D-BD70-2F3D9BF6C668}.Release|STANDARDSDK_500 (MIPSII).Build.0 = Release|STANDARDSDK_500 (MIPSII)
		{63E4322F-83D5-4C9D-BD70-2F3D9BF6C668}.Release|STANDARDSDK_500 (MIPSII).Deploy.0 = Release|STANDARDSDK_500 (MIPSII)
		{63E4322F-83D5-4C9D-BD70-2F3D9BF6C668}.Release|STANDARDSDK_500 (MIPSII_FP).ActiveCfg = Release|STANDARDSDK_500 (MIPSII_FP)
		{63E4322F-83D5-4C9D-BD70-2F3D9BF6C668}.Release|STANDARDSDK_500 (MIPSII_FP).Build.0 = Release|STANDARDSDK_500 (MIPSII_FP)
		{63E4322F-83D5-4C9D-BD70-2F3D9BF6C668}.Release|STANDARDSDK_500 (MIPSII_FP).Deploy.0 = Release|STANDARDSDK_500 (MIPSII_FP)
		{63E4322F-83D5-4C9D-BD70-2F3D9BF6C668}.Release|STANDARDSDK_500 (MIPSIV).ActiveCfg = Release|STANDARDSDK_500 (MIPSIV)
		{63E4322F-83D5-4C9D-BD70-2F3D9BF6C668}.Release|STANDARDSDK_500 (MIPSIV).Build.0 = Release|STANDARDSDK_500 (MIPSIV)
		{63E4322F-83D5-4C9D-BD70-2F3D9BF6C668}.Release|STANDARDSDK_500 (MIPSIV).Deploy.0 = Release|STANDARDSDK_500 (MIPSIV)
		{63E4322F-83D5-4C9D-BD70-2F3D9BF6C668}.Release|STANDARDSDK_500 (MIPSIV_FP).ActiveCfg = Release|STANDARDSDK_500 (MIPSIV_FP)
		{63E4322F-83D5-4C9D-BD70-2F3D9BF6C668}.Release|STANDARDSDK_500 (MIPSIV_FP).Build.0 = Release|STANDARDSDK_500 (MIPSIV_FP)
		{63E4322F-83D5-4C9D-BD70-2F3D9BF6C668}.Release|STANDARDSDK_500 (MIPSIV_FP).Deploy.0 = Release|STANDARDSDK_500 (MIPSIV_FP)
		{63E4322F-83D5-4C9D-BD70-2F3D9BF6C668}.Release|STANDARDSDK_500 (SH4).ActiveCfg = Release|STANDARDSDK_500 (SH4)
		{63E4322F-83D5-4C9D-BD70-2F3D9BF6C668}.Release|STANDARDSDK_500 (SH4).Build.0 = Release|STANDARDSDK_500 (SH4)
		{63E4322F-83D5-4C9D-BD70-2F3D9BF6C668}.Release|STANDARDSDK_500 (SH4).Deploy.0 = Release|STANDARDSDK_500 (SH4)
		{63E4322F-83D5-4C9D-BD70-2F3D9BF6C668}.Release|STANDARDSDK_500 (x86).ActiveCfg = Release|STANDARDSDK_500 (x86)
		{63E4322F-83D5-4C9D-BD70-2F3D9BF6C668}.Release|STANDARDSDK_500 (x86).Build.0 = Release|STANDARDSDK_500 (x86)
		{63E4322F-83D5-4C9D-BD70-2F3D9BF6C668}.Release|STANDARDSDK_500 (x86).Deploy.0 = Release|STANDARDSDK_500 (x86)
		{63E4322F-83D5-4C9D-BD70-2F3D9BF6C668}.Release|Windows Mobile 5.0 Pocket PC SDK (ARMV4I).ActiveCfg = Release|STANDARDSDK_500 (MIPSIV_FP)
		{63E4322F-83D5-4C9D-BD70-2F3D9BF6C668}.Release|Windows Mobile 5.0 Smartphone SDK (ARMV4I).ActiveCfg = Release|STANDARDSDK_500 (MIPSIV_FP)
		{63E4322F-83D5-4C9D-BD70-2F3D9BF6C668}.Release|Windows Mobile 6 Professional SDK (ARMV4I).ActiveCfg = Release|STANDARDSDK_500 (MIPSIV_FP)
		{63E4322F-83D5-4C9D-BD70-2F3D9BF6C668}.Release|Windows Mobile 6.5.3 Professional DTK (ARMV4I).ActiveCfg = Release|STANDARDSDK_500 (MIPSIV_FP)
		{179EE2F2-1B13-4C2D-AE75-897DB24E65D6}.Debug|Honeywell D6X00 (ARMV4I).ActiveCfg = Debug|STANDARDSDK_500 (MIPSIV_FP)
		{179EE2F2-1B13-4C2D-AE75-897DB24E65D6}.Debug|Motorola MC3100c60 Windows CE6.0 PSDK (ARMV4I).ActiveCfg = Debug|STANDARDSDK_500 (MIPSIV_FP)
		{179EE2F2-1B13-4C2D-AE75-897DB24E65D6}.Debug|STANDARDSDK_500 (ARMV4I).ActiveCfg = Debug|STANDARDSDK_500 (ARMV4I)
		{179EE2F2-1B13-4C2D-AE75-897DB24E65D6}.Debug|STANDARDSDK_500 (MIPSII).ActiveCfg = Debug|STANDARDSDK_500 (MIPSII)
		{179EE2F2-1B13-4C2D-AE75-897DB24E65D6}.Debug|STANDARDSDK_500 (MIPSII).Build.0 = Debug|STANDARDSDK_500 (MIPSII)
		{179EE2F2-1B13-4C2D-AE75-897DB24E65D6}.Debug|STANDARDSDK_500 (MIPSII).Deploy.0 = Debug|STANDARDSDK_500 (MIPSII)
		{179EE2F2-1B13-4C2D-AE75-897DB24E65D6}.Debug|STANDARDSDK_500 (MIPSII_FP).ActiveCfg = Debug|STANDARDSDK_500 (MIPSII_FP)
		{179EE2F2-1B13-4C2D-AE75-897DB24E65D6}.Debug|STANDARDSDK_500 (MIPSII_FP).Build.0 = Debug|STANDARDSDK_500 (MIPSII_FP)
		{179EE2F2-1B13-4C2D-AE75-897DB24E65D6}.Debug|STANDARDSDK_500 (MIPSII_FP).Deploy.0 = Debug|STANDARDSDK_500 (MIPSII_FP)
		{179EE2F2-1B13-4C2D-AE75-897DB24E65D6}.Debug|STANDARDSDK_500 (MIPSIV).ActiveCfg = Debug|STANDARDSDK_500 (MIPSIV)
		{179EE2F2-1B13-4C2D-AE75-897DB24E65D6}.Debug|STANDARDSDK_500 (MIPSIV).Build.0 = Debug|STANDARDSDK_500 (MIPSIV)
		{179EE2F2-1B13-4C2D-AE75-897DB24E65D6}.Debug|STANDARDSDK_500 (MIPSIV).Deploy.0 = Debug|STANDARDSDK_500 (MIPSIV)
		{179EE2F2-1B13-4C2D-AE75-897DB24E65D6}.Debug|STANDARDSDK_500 (MIPSIV_FP).ActiveCfg = Debug|STANDARDSDK_500 (MIPSIV_FP)
		{179EE2F2-1B13-4C2D-AE75-897DB24E65D6}.Debug|STANDARDSDK_500 (MIPSIV_FP).Build.0 = Debug|STANDARDSDK_500 (MIPSIV_FP)
		{179EE2F2-1B13-4C2D-AE75-897DB24E65D6}.Debug|STANDARDSDK_500 (MIPSIV_FP).Deploy.0 = Debug|STANDARDSDK_500 (MIPSIV_FP)
		{179EE2F2-1B13-4C2D-AE75-897DB24E65D6}.Debug|STANDARDSDK_500 (SH4).ActiveCfg = Debug|STANDARDSDK_500 (SH4)
		{179EE2F2-1B13-4C2D-AE75-897DB24E65D6}.Debug|STANDARDSDK_500 (SH4).Build.0 = Debug|STANDARDSDK_500 (SH4)
		{179EE2F2-1B13-4C2D-AE75-897DB24E65D6}.Debug|STANDARDSDK_500 (SH4).Deploy.0 = Debug|STANDARDSDK_500 (SH4)
		{179EE2F2-1B13-4C2D-AE75-897DB24E65D6}.Debug|STANDARDSDK_500 (x86).ActiveCfg = Debug|STANDARDSDK_500 (x86)
		{179EE2F2-1B13-4C2D-AE75-897DB24E65D6}.Debug|STANDARDSDK_500 (x86).Build.0 = Debug|STANDARDSDK_500 (x86)
		{179EE2F2-1B13-4C2D-AE75-897DB24E65D6}.Debug|STANDARDSDK_500 (x86).Deploy.0 = Debug|STANDARDSDK_500 (x86)
		{179EE2F2-1B13-4C2D-AE75-897DB24E65D6}.Debug|Windows Mobile 5.0 Pocket PC SDK (ARMV4I).ActiveCfg = Debug|STANDARDSDK_500 (MIPSIV_FP)
		{179EE2F2-1B13-4C2D-AE75-897DB24E65D6}.Debug|Windows Mobile 5.0 Smartphone SDK (ARMV4I).ActiveCfg = Debug|STANDARDSDK_500 (MIPSIV_FP)
		{179EE2F2-1B13-4C2D-AE75-897DB24E65D6}.Debug|Windows Mobile 6 Professional SDK (ARMV4I).ActiveCfg = Debug|STANDARDSDK_500 (MIPSIV_FP)
		{179EE2F2-1B13-4C2D-AE75-897DB24E65D6}.Debug|Windows Mobile 6.5.3 Professional DTK (ARMV4I).ActiveCfg = Debug|STANDARDSDK_500 (MIPSIV_FP)
		{179EE2F2-1B13-4C2D-AE75-897DB24E65D6}.myrelease|Honeywell D6X00 (ARMV4I).ActiveCfg = Release|STANDARDSDK_500 (MIPSIV_FP)
		{179EE2F2-1B13-4C2D-AE75-897DB24E65D6}.myrelease|Motorola MC3100c60 Windows CE6.0 PSDK (ARMV4I).ActiveCfg = Release|STANDARDSDK_500 (MIPSIV_FP)
		{179EE2F2-1B13-4C2D-AE75-897DB24E65D6}.myrelease|STANDARDSDK_500 (ARMV4I).ActiveCfg = Release|STANDARDSDK_500 (MIPSIV_FP)
		{179EE2F2-1B13-4C2D-AE75-897DB24E65D6}.myrelease|STANDARDSDK_500 (MIPSII).ActiveCfg = Release|STANDARDSDK_500 (MIPSIV_FP)
		{179EE2F2-1B13-4C2D-AE75-897DB24E65D6}.myrelease|STANDARDSDK_500 (MIPSII_FP).ActiveCfg = Release|STANDARDSDK_500 (MIPSIV_FP)
		{179EE2F2-1B13-4C2D-AE75-897DB24E65D6}.myrelease|STANDARDSDK_500 (MIPSIV).ActiveCfg = Release|STANDARDSDK_500 (MIPSIV_FP)
		{179EE2F2-1B13-4C2D-AE75-897DB24E65D6}.myrelease|STANDARDSDK_500 (MIPSIV_FP).ActiveCfg = Release|STANDARDSDK_500 (MIPSIV_FP)
		{179EE2F2-1B13-4C2D-AE75-897DB24E65D6}.myrelease|STANDARDSDK_500 (MIPSIV_FP).Build.0 = Release|STANDARDSDK_500 (MIPSIV_FP)
		{179EE2F2-1B13-4C2D-AE75-897DB24E65D6}.myrelease|STANDARDSDK_500 (MIPSIV_FP).Deploy.0 = Release|STANDARDSDK_500 (MIPSIV_FP)
		{179EE2F2-1B13-4C2D-AE75-897DB24E65D6}.myrelease|STANDARDSDK_500 (SH4).ActiveCfg = Release|STANDARDSDK_500 (MIPSIV_FP)
		{179EE2F2-1B13-4C2D-AE75-897DB24E65D6}.myrelease|STANDARDSDK_500 (x86).ActiveCfg = Release|STANDARDSDK_500 (MIPSIV_FP)
		{179EE2F2-1B13-4C2D-AE75-897DB24E65D6}.myrelease|Windows Mobile 5.0 Pocket PC SDK (ARMV4I).ActiveCfg = Release|STANDARDSDK_500 (MIPSIV_FP)
		{179EE2F2-1B13-4C2D-AE75-897DB24E65D6}.myrelease|Windows Mobile 5.0 Smartphone SDK (ARMV4I).ActiveCfg = Release|STANDARDSDK_500 (MIPSIV_FP)
		{179EE2F2-1B13-4C2D-AE75-897DB24E65D6}.myrelease|Windows Mobile 6 Professional SDK (ARMV4I).ActiveCfg = Release|STANDARDSDK_500 (MIPSIV_FP)
		{179EE2F2-1B13-4C2D-AE75-897DB24E65D6}.myrelease|Windows Mobile 6.5.3 Professional DTK (ARMV4I).ActiveCfg = Release|STANDARDSDK_500 (MIPSIV_FP)
		{179EE2F2-1B13-4C2D-AE75-897DB24E65D6}.Release|Honeywell D6X00 (ARMV4I).ActiveCfg = Release|STANDARDSDK_500 (MIPSIV_FP)
		{179EE2F2-1B13-4C2D-AE75-897DB24E65D6}.Release|Motorola MC3100c60 Windows CE6.0 PSDK (ARMV4I).ActiveCfg = Release|STANDARDSDK_500 (MIPSIV_FP)
		{179EE2F2-1B13-4C2D-AE75-897DB24E65D6}.Release|STANDARDSDK_500 (ARMV4I).ActiveCfg = Release|STANDARDSDK_500 (ARMV4I)
		{179EE2F2-1B13-4C2D-AE75-897DB24E65D6}.Release|STANDARDSDK_500 (ARMV4I).Build.0 = Release|STANDARDSDK_500 (ARMV4I)
		{179EE2F2-1B13-4C2D-AE75-897DB24E65D6}.Release|STANDARDSDK_500 (ARMV4I).Deploy.0 = Release|STANDARDSDK_500 (ARMV4I)
		{179EE2F2-1B13-4C2D-AE75-897DB24E65D6}.Release|STANDARDSDK_500 (MIPSII).ActiveCfg = Release|STANDARDSDK_500 (MIPSII)
		{179EE2F2-1B13-4C2D-AE75-897DB24E65D6}.Release|STANDARDSDK_500 (MIPSII).Build.0 = Release|STANDARDSDK_500 (MIPSII)
		{179EE2F2-1B13-4C2D-AE75-897DB24E65D6}.Release|STANDARDSDK_500 (MIPSII).Deploy.0 = Release|STANDARDSDK_500 (MIPSII)
		{179EE2F2-1B13-4C2D-AE75-897DB24E65D6}.Release|STANDARDSDK_500 (MIPSII_FP).ActiveCfg = Release|STANDARDSDK_500 (MIPSII_FP)
		{179EE2F2-1B13-4C2D-AE75-897DB24E65D6}.Release|STANDARDSDK_500 (MIPSII_FP).Build.0 = Release|STANDARDSDK_500 (MIPSII_FP)
		{179EE2F2-1B13-4C2D-AE75-897DB24E65D6}.Release|STANDARDSDK_500 (MIPSII_FP).Deploy.0 = Release|STANDARDSDK_500 (MIPSII_FP)
		{179EE2F2-1B13-4C2D-AE75-897DB24E65D6}.Release|STANDARDSDK_500 (MIPSIV).ActiveCfg = Release|STANDARDSDK_500 (MIPSIV)
		{179EE2F2-1B13-4C2D-AE75-897DB24E65D6}.Release|STANDARDSDK_500 (MIPSIV).Build.0 = Release|STANDARDSDK_500 (MIPSIV)
		{179EE2F2-1B13-4C2D-AE75-897DB24E65D6}.Release|STANDARDSDK_500 (MIPSIV).Deploy.0 = Release|STANDARDSDK_500 (MIPSIV)
		{179EE2F2-1B13-4C2D-AE75-897DB24E65D6}.Release|STANDARDSDK_500 (MIPSIV_FP).ActiveCfg = Release|STANDARDSDK_500 (MIPSIV_FP)
		{179EE2F2-1B13-4C2D-AE75-897DB24E65D6}.Release|STANDARDSDK_500 (MIPSIV_FP).Build.0 = Release|STANDARDSDK_500 (MIPSIV_FP)
		{179EE2F2-1B13-4C2D-AE75-897DB24E65D6}.Release|STANDARDSDK_500 (MIPSIV_FP).Deploy.0 = Release|STANDARDSDK_500 (MIPSIV_FP)
		{179EE2F2-1B13-4C2D-AE75-897DB24E65D6}.Release|STANDARDSDK_500 (SH4).ActiveCfg = Release|STANDARDSDK_500 (SH4)
		{179EE2F2-1B13-4C2D-AE75-897DB24E65D6}.Release|STANDARDSDK_500 (SH4).Build.0 = Release|STANDARDSDK_500 (SH4)
		{179EE2F2-1B13-4C2D-AE75-897DB24E65D6}.Release|STANDARDSDK_500 (SH4).Deploy.0 = Release|STANDARDSDK_500 (SH4)
		{179EE2F2-1B13-4C2D-AE75-897DB24E65D6}.Release|STANDARDSDK_500 (x86).ActiveCfg = Release|STANDARDSDK_500 (x86)
		{179EE2F2-1B13-4C2D-AE75-897DB24E65D6}.Release|STANDARDSDK_500 (x86).Build.0 = Release|STANDARDSDK_500 (x86)
		{179EE2F2-1B13-4C2D-AE75-897DB24E65D6}.Release|STANDARDSDK_500 (x86).Deploy.0 = Release|STANDARDSDK_500 (x86)
		{179EE2F2-1B13-4C2D-AE75-897DB24E65D6}.Release|Windows Mobile 5.0 Pocket PC SDK (ARMV4I).ActiveCfg = Release|STANDARDSDK_500 (MIPSIV_FP)
		{179EE2F2-1B13-4C2D-AE75-897DB24E65D6}.Release|Windows Mobile 5.0 Smartphone SDK (ARMV4I).ActiveCfg = Release|STANDARDSDK_500 (MIPSIV_FP)
		{179EE2F2-1B13-4C2D-AE75-897DB24E65D6}.Release|Windows Mobile 6 Professional SDK (ARMV4I).ActiveCfg = Release|STANDARDSDK_500 (MIPSIV_FP)
		{179EE2F2-1B13-4C2D-AE75-897DB24E65D6}.Release|Windows Mobile 6.5.3 Professional DTK (ARMV4I).ActiveCfg = Release|STANDARDSDK_500 (MIPSIV_FP)
	EndGlobalSection
	GlobalSection(SolutionProperties) = preSolution
		HideSolutionNode = FALSE
	EndGlobalSection
EndGlobal
